
Microsoft Visual Studio Solution File, Format Version 12.00
# Visual Studio 2013
VisualStudioVersion = 12.0.40629.0
MinimumVisualStudioVersion = 10.0.40219.1
Project("{FAE04EC0-301F-11D3-BF4B-00C04F79EFBC}") = "ProOperator", "ProOperator\ProOperator.csproj", "{39C49C42-88B0-439D-B66C-C404DBE82AE2}"
EndProject
Project("{FAE04EC0-301F-11D3-BF4B-00C04F79EFBC}") = "ProFactory", "ProFactory\ProFactory.csproj", "{634BACE0-E00F-466C-AE8F-D7D414AC57D0}"
EndProject
Project("{FAE04EC0-301F-11D3-BF4B-00C04F79EFBC}") = "plat", "plat\plat.csproj", "{F86F04E9-DB50-4EB8-929D-FB6F9EF21B44}"
EndProject
Global
	GlobalSection(SolutionConfigurationPlatforms) = preSolution
		Debug|Any CPU = Debug|Any CPU
		Release|Any CPU = Release|Any CPU
	EndGlobalSection
	GlobalSection(ProjectConfigurationPlatforms) = postSolution
		{39C49C42-88B0-439D-B66C-C404DBE82AE2}.Debug|Any CPU.ActiveCfg = Debug|Any CPU
		{39C49C42-88B0-439D-B66C-C404DBE82AE2}.Debug|Any CPU.Build.0 = Debug|Any CPU
		{39C49C42-88B0-439D-B66C-C404DBE82AE2}.Release|Any CPU.ActiveCfg = Release|Any CPU
		{39C49C42-88B0-439D-B66C-C404DBE82AE2}.Release|Any CPU.Build.0 = Release|Any CPU
		{634BACE0-E00F-466C-AE8F-D7D414AC57D0}.Debug|Any CPU.ActiveCfg = Debug|Any CPU
		{634BACE0-E00F-466C-AE8F-D7D414AC57D0}.Debug|Any CPU.Build.0 = Debug|Any CPU
		{634BACE0-E00F-466C-AE8F-D7D414AC57D0}.Release|Any CPU.ActiveCfg = Release|Any CPU
		{634BACE0-E00F-466C-AE8F-D7D414AC57D0}.Release|Any CPU.Build.0 = Release|Any CPU
		{F86F04E9-DB50-4EB8-929D-FB6F9EF21B44}.Debug|Any CPU.ActiveCfg = Debug|Any CPU
		{F86F04E9-DB50-4EB8-929D-FB6F9EF21B44}.Debug|Any CPU.Build.0 = Debug|Any CPU
		{F86F04E9-DB50-4EB8-929D-FB6F9EF21B44}.Release|Any CPU.ActiveCfg = Release|Any CPU
		{F86F04E9-DB50-4EB8-929D-FB6F9EF21B44}.Release|Any CPU.Build.0 = Release|Any CPU
	EndGlobalSection
	GlobalSection(SolutionProperties) = preSolution
		HideSolutionNode = FALSE
	EndGlobalSection
EndGlobal
